{
  "name": "powergrid",
  "version": "0.1.0",
  "lockfileVersion": 1,
  "requires": true,
  "dependencies": {
    "@bblocks/compose": {
      "version": "0.1.2",
      "resolved": "https://registry.npmjs.org/@bblocks/compose/-/compose-0.1.2.tgz",
      "integrity": "sha512-3uEEmRSk/Gd5mZYUXqPINHw2joyakd6hKXt/zIrnax5jWRONm9odM3BzIRGRniJX7iBUWF246IrNPa9z2T26pg==",
      "dev": true
    }
  }
}
